
Microsoft Visual Studio Solution File, Format Version 12.00
# Visual Studio Version 17
VisualStudioVersion = 17.14.36203.30 d17.14
MinimumVisualStudioVersion = 10.0.40219.1
Project("{FAE04EC0-301F-11D3-BF4B-00C04F79EFBC}") = "NextHire.Data", "NextHire.Data\NextHire.Data.csproj", "{21264C84-A3F4-4C66-8FFC-A3A48BDEDC47}"
EndProject
Project("{FAE04EC0-301F-11D3-BF4B-00C04F79EFBC}") = "NextHire.Business", "NextHire.Domain\NextHire.Business.csproj", "{D283FA5D-26A8-41D3-85D2-F04EA38B7290}"
EndProject
Global
	GlobalSection(SolutionConfigurationPlatforms) = preSolution
		Debug|Any CPU = Debug|Any CPU
		Release|Any CPU = Release|Any CPU
	EndGlobalSection
	GlobalSection(ProjectConfigurationPlatforms) = postSolution
		{21264C84-A3F4-4C66-8FFC-A3A48BDEDC47}.Debug|Any CPU.ActiveCfg = Debug|Any CPU
		{21264C84-A3F4-4C66-8FFC-A3A48BDEDC47}.Debug|Any CPU.Build.0 = Debug|Any CPU
		{21264C84-A3F4-4C66-8FFC-A3A48BDEDC47}.Release|Any CPU.ActiveCfg = Release|Any CPU
		{21264C84-A3F4-4C66-8FFC-A3A48BDEDC47}.Release|Any CPU.Build.0 = Release|Any CPU
		{D283FA5D-26A8-41D3-85D2-F04EA38B7290}.Debug|Any CPU.ActiveCfg = Debug|Any CPU
		{D283FA5D-26A8-41D3-85D2-F04EA38B7290}.Debug|Any CPU.Build.0 = Debug|Any CPU
		{D283FA5D-26A8-41D3-85D2-F04EA38B7290}.Release|Any CPU.ActiveCfg = Release|Any CPU
		{D283FA5D-26A8-41D3-85D2-F04EA38B7290}.Release|Any CPU.Build.0 = Release|Any CPU
	EndGlobalSection
	GlobalSection(SolutionProperties) = preSolution
		HideSolutionNode = FALSE
	EndGlobalSection
	GlobalSection(ExtensibilityGlobals) = postSolution
		SolutionGuid = {17503118-F780-4565-A983-FE2363D5C294}
	EndGlobalSection
EndGlobal
